
Microsoft Visual Studio Solution File, Format Version 12.00
# Visual Studio 15
VisualStudioVersion = 15.0.27703.2018
MinimumVisualStudioVersion = 10.0.40219.1
Project("{FAE04EC0-301F-11D3-BF4B-00C04F79EFBC}") = "PrimeNumberAlgorithm", "PrimeNumberAlgorithm\PrimeNumberAlgorithm.csproj", "{117B4441-1678-4B1D-835D-10CE5886576B}"
EndProject
Global
	GlobalSection(SolutionConfigurationPlatforms) = preSolution
		Debug|Any CPU = Debug|Any CPU
		Release|Any CPU = Release|Any CPU
	EndGlobalSection
	GlobalSection(ProjectConfigurationPlatforms) = postSolution
		{117B4441-1678-4B1D-835D-10CE5886576B}.Debug|Any CPU.ActiveCfg = Debug|Any CPU
		{117B4441-1678-4B1D-835D-10CE5886576B}.Debug|Any CPU.Build.0 = Debug|Any CPU
		{117B4441-1678-4B1D-835D-10CE5886576B}.Release|Any CPU.ActiveCfg = Release|Any CPU
		{117B4441-1678-4B1D-835D-10CE5886576B}.Release|Any CPU.Build.0 = Release|Any CPU
	EndGlobalSection
	GlobalSection(SolutionProperties) = preSolution
		HideSolutionNode = FALSE
	EndGlobalSection
	GlobalSection(ExtensibilityGlobals) = postSolution
		SolutionGuid = {CA8E3196-97E4-4B7F-B8A4-F5C496F97D85}
	EndGlobalSection
EndGlobal
